
Microsoft Visual Studio Solution File, Format Version 12.00
# Visual Studio Version 17
VisualStudioVersion = 17.4.33103.184
MinimumVisualStudioVersion = 10.0.40219.1
Project("{FAE04EC0-301F-11D3-BF4B-00C04F79EFBC}") = "Core", "Core\Core.csproj", "{CC22FA5A-3AC6-4F3C-ACD5-A9E539C6B20F}"
EndProject
Project("{FAE04EC0-301F-11D3-BF4B-00C04F79EFBC}") = "Data", "Data\Data.csproj", "{F5266EF6-E8DA-486A-9993-301D919046A2}"
EndProject
Project("{FAE04EC0-301F-11D3-BF4B-00C04F79EFBC}") = "Web", "Web\Web.csproj", "{5B9B982F-7A1C-418C-81C1-3E05C64E180B}"
EndProject
Global
	GlobalSection(SolutionConfigurationPlatforms) = preSolution
		Debug|Any CPU = Debug|Any CPU
		Release|Any CPU = Release|Any CPU
	EndGlobalSection
	GlobalSection(ProjectConfigurationPlatforms) = postSolution
		{CC22FA5A-3AC6-4F3C-ACD5-A9E539C6B20F}.Debug|Any CPU.ActiveCfg = Debug|Any CPU
		{CC22FA5A-3AC6-4F3C-ACD5-A9E539C6B20F}.Debug|Any CPU.Build.0 = Debug|Any CPU
		{CC22FA5A-3AC6-4F3C-ACD5-A9E539C6B20F}.Release|Any CPU.ActiveCfg = Release|Any CPU
		{CC22FA5A-3AC6-4F3C-ACD5-A9E539C6B20F}.Release|Any CPU.Build.0 = Release|Any CPU
		{F5266EF6-E8DA-486A-9993-301D919046A2}.Debug|Any CPU.ActiveCfg = Debug|Any CPU
		{F5266EF6-E8DA-486A-9993-301D919046A2}.Debug|Any CPU.Build.0 = Debug|Any CPU
		{F5266EF6-E8DA-486A-9993-301D919046A2}.Release|Any CPU.ActiveCfg = Release|Any CPU
		{F5266EF6-E8DA-486A-9993-301D919046A2}.Release|Any CPU.Build.0 = Release|Any CPU
		{5B9B982F-7A1C-418C-81C1-3E05C64E180B}.Debug|Any CPU.ActiveCfg = Debug|Any CPU
		{5B9B982F-7A1C-418C-81C1-3E05C64E180B}.Debug|Any CPU.Build.0 = Debug|Any CPU
		{5B9B982F-7A1C-418C-81C1-3E05C64E180B}.Release|Any CPU.ActiveCfg = Release|Any CPU
		{5B9B982F-7A1C-418C-81C1-3E05C64E180B}.Release|Any CPU.Build.0 = Release|Any CPU
	EndGlobalSection
	GlobalSection(SolutionProperties) = preSolution
		HideSolutionNode = FALSE
	EndGlobalSection
	GlobalSection(ExtensibilityGlobals) = postSolution
		SolutionGuid = {E1BF656A-E731-45AE-BDA9-BDCA66F51590}
	EndGlobalSection
EndGlobal
